
Microsoft Visual Studio Solution File, Format Version 12.00
# Visual Studio 15
VisualStudioVersion = 15.0.33919.361
MinimumVisualStudioVersion = 10.0.40219.1
Project("{8BC9CEB8-8B4A-11D0-8D11-00A0C91BC942}") = "Project1", "Project1\Project1.vcxproj", "{F507300E-DE9E-4675-A66A-FAE013A0079A}"
EndProject
Project("{8BC9CEB8-8B4A-11D0-8D11-00A0C91BC942}") = "Project2", "Project2\Project2.vcxproj", "{8D085130-C33E-4803-A837-3E15647DB319}"
EndProject
Global
	GlobalSection(SolutionConfigurationPlatforms) = preSolution
		Debug|x64 = Debug|x64
		Debug|x86 = Debug|x86
		Release|x64 = Release|x64
		Release|x86 = Release|x86
	EndGlobalSection
	GlobalSection(ProjectConfigurationPlatforms) = postSolution
		{F507300E-DE9E-4675-A66A-FAE013A0079A}.Debug|x64.ActiveCfg = Debug|x64
		{F507300E-DE9E-4675-A66A-FAE013A0079A}.Debug|x64.Build.0 = Debug|x64
		{F507300E-DE9E-4675-A66A-FAE013A0079A}.Debug|x86.ActiveCfg = Debug|Win32
		{F507300E-DE9E-4675-A66A-FAE013A0079A}.Debug|x86.Build.0 = Debug|Win32
		{F507300E-DE9E-4675-A66A-FAE013A0079A}.Release|x64.ActiveCfg = Release|x64
		{F507300E-DE9E-4675-A66A-FAE013A0079A}.Release|x64.Build.0 = Release|x64
		{F507300E-DE9E-4675-A66A-FAE013A0079A}.Release|x86.ActiveCfg = Release|Win32
		{F507300E-DE9E-4675-A66A-FAE013A0079A}.Release|x86.Build.0 = Release|Win32
		{8D085130-C33E-4803-A837-3E15647DB319}.Debug|x64.ActiveCfg = Debug|x64
		{8D085130-C33E-4803-A837-3E15647DB319}.Debug|x64.Build.0 = Debug|x64
		{8D085130-C33E-4803-A837-3E15647DB319}.Debug|x86.ActiveCfg = Debug|Win32
		{8D085130-C33E-4803-A837-3E15647DB319}.Debug|x86.Build.0 = Debug|Win32
		{8D085130-C33E-4803-A837-3E15647DB319}.Release|x64.ActiveCfg = Release|x64
		{8D085130-C33E-4803-A837-3E15647DB319}.Release|x64.Build.0 = Release|x64
		{8D085130-C33E-4803-A837-3E15647DB319}.Release|x86.ActiveCfg = Release|Win32
		{8D085130-C33E-4803-A837-3E15647DB319}.Release|x86.Build.0 = Release|Win32
	EndGlobalSection
	GlobalSection(SolutionProperties) = preSolution
		HideSolutionNode = FALSE
	EndGlobalSection
	GlobalSection(ExtensibilityGlobals) = postSolution
		SolutionGuid = {EE98042D-A600-4806-9771-3F3CDE2607CA}
	EndGlobalSection
EndGlobal
