
Microsoft Visual Studio Solution File, Format Version 12.00
# Visual Studio 15
VisualStudioVersion = 15.0.33919.361
MinimumVisualStudioVersion = 10.0.40219.1
Project("{8BC9CEB8-8B4A-11D0-8D11-00A0C91BC942}") = "Project1", "Project1\Project1.vcxproj", "{D45F0400-CCFA-4E56-AE2F-E97735934C2B}"
EndProject
Project("{8BC9CEB8-8B4A-11D0-8D11-00A0C91BC942}") = "Project2", "Project2\Project2.vcxproj", "{E9B00158-0C26-4D0C-932C-35A14B24C8D3}"
EndProject
Project("{8BC9CEB8-8B4A-11D0-8D11-00A0C91BC942}") = "Project3", "Project3\Project3.vcxproj", "{8BC53772-2BFD-4C88-98CF-4398284768AF}"
EndProject
Project("{8BC9CEB8-8B4A-11D0-8D11-00A0C91BC942}") = "Project4", "Project4\Project4.vcxproj", "{E71CAEB1-0182-458C-97A5-DDA1BC5929FE}"
EndProject
Project("{8BC9CEB8-8B4A-11D0-8D11-00A0C91BC942}") = "Project5", "Project5\Project5.vcxproj", "{4842AA0B-B094-4DB6-8DEC-0B57CAF137EF}"
EndProject
Project("{8BC9CEB8-8B4A-11D0-8D11-00A0C91BC942}") = "Project6", "Project6\Project6.vcxproj", "{8FB2DB72-39A3-4D55-8F1B-5DE4E5C1C0CF}"
EndProject
Project("{8BC9CEB8-8B4A-11D0-8D11-00A0C91BC942}") = "Project7", "Project7\Project7.vcxproj", "{41837242-6105-4966-9B8C-D6CC7EACE5A4}"
EndProject
Global
	GlobalSection(SolutionConfigurationPlatforms) = preSolution
		Debug|x64 = Debug|x64
		Debug|x86 = Debug|x86
		Release|x64 = Release|x64
		Release|x86 = Release|x86
	EndGlobalSection
	GlobalSection(ProjectConfigurationPlatforms) = postSolution
		{D45F0400-CCFA-4E56-AE2F-E97735934C2B}.Debug|x64.ActiveCfg = Debug|x64
		{D45F0400-CCFA-4E56-AE2F-E97735934C2B}.Debug|x64.Build.0 = Debug|x64
		{D45F0400-CCFA-4E56-AE2F-E97735934C2B}.Debug|x86.ActiveCfg = Debug|Win32
		{D45F0400-CCFA-4E56-AE2F-E97735934C2B}.Debug|x86.Build.0 = Debug|Win32
		{D45F0400-CCFA-4E56-AE2F-E97735934C2B}.Release|x64.ActiveCfg = Release|x64
		{D45F0400-CCFA-4E56-AE2F-E97735934C2B}.Release|x64.Build.0 = Release|x64
		{D45F0400-CCFA-4E56-AE2F-E97735934C2B}.Release|x86.ActiveCfg = Release|Win32
		{D45F0400-CCFA-4E56-AE2F-E97735934C2B}.Release|x86.Build.0 = Release|Win32
		{E9B00158-0C26-4D0C-932C-35A14B24C8D3}.Debug|x64.ActiveCfg = Debug|x64
		{E9B00158-0C26-4D0C-932C-35A14B24C8D3}.Debug|x64.Build.0 = Debug|x64
		{E9B00158-0C26-4D0C-932C-35A14B24C8D3}.Debug|x86.ActiveCfg = Debug|Win32
		{E9B00158-0C26-4D0C-932C-35A14B24C8D3}.Debug|x86.Build.0 = Debug|Win32
		{E9B00158-0C26-4D0C-932C-35A14B24C8D3}.Release|x64.ActiveCfg = Release|x64
		{E9B00158-0C26-4D0C-932C-35A14B24C8D3}.Release|x64.Build.0 = Release|x64
		{E9B00158-0C26-4D0C-932C-35A14B24C8D3}.Release|x86.ActiveCfg = Release|Win32
		{E9B00158-0C26-4D0C-932C-35A14B24C8D3}.Release|x86.Build.0 = Release|Win32
		{8BC53772-2BFD-4C88-98CF-4398284768AF}.Debug|x64.ActiveCfg = Debug|x64
		{8BC53772-2BFD-4C88-98CF-4398284768AF}.Debug|x64.Build.0 = Debug|x64
		{8BC53772-2BFD-4C88-98CF-4398284768AF}.Debug|x86.ActiveCfg = Debug|Win32
		{8BC53772-2BFD-4C88-98CF-4398284768AF}.Debug|x86.Build.0 = Debug|Win32
		{8BC53772-2BFD-4C88-98CF-4398284768AF}.Release|x64.ActiveCfg = Release|x64
		{8BC53772-2BFD-4C88-98CF-4398284768AF}.Release|x64.Build.0 = Release|x64
		{8BC53772-2BFD-4C88-98CF-4398284768AF}.Release|x86.ActiveCfg = Release|Win32
		{8BC53772-2BFD-4C88-98CF-4398284768AF}.Release|x86.Build.0 = Release|Win32
		{E71CAEB1-0182-458C-97A5-DDA1BC5929FE}.Debug|x64.ActiveCfg = Debug|x64
		{E71CAEB1-0182-458C-97A5-DDA1BC5929FE}.Debug|x64.Build.0 = Debug|x64
		{E71CAEB1-0182-458C-97A5-DDA1BC5929FE}.Debug|x86.ActiveCfg = Debug|Win32
		{E71CAEB1-0182-458C-97A5-DDA1BC5929FE}.Debug|x86.Build.0 = Debug|Win32
		{E71CAEB1-0182-458C-97A5-DDA1BC5929FE}.Release|x64.ActiveCfg = Release|x64
		{E71CAEB1-0182-458C-97A5-DDA1BC5929FE}.Release|x64.Build.0 = Release|x64
		{E71CAEB1-0182-458C-97A5-DDA1BC5929FE}.Release|x86.ActiveCfg = Release|Win32
		{E71CAEB1-0182-458C-97A5-DDA1BC5929FE}.Release|x86.Build.0 = Release|Win32
		{4842AA0B-B094-4DB6-8DEC-0B57CAF137EF}.Debug|x64.ActiveCfg = Debug|x64
		{4842AA0B-B094-4DB6-8DEC-0B57CAF137EF}.Debug|x64.Build.0 = Debug|x64
		{4842AA0B-B094-4DB6-8DEC-0B57CAF137EF}.Debug|x86.ActiveCfg = Debug|Win32
		{4842AA0B-B094-4DB6-8DEC-0B57CAF137EF}.Debug|x86.Build.0 = Debug|Win32
		{4842AA0B-B094-4DB6-8DEC-0B57CAF137EF}.Release|x64.ActiveCfg = Release|x64
		{4842AA0B-B094-4DB6-8DEC-0B57CAF137EF}.Release|x64.Build.0 = Release|x64
		{4842AA0B-B094-4DB6-8DEC-0B57CAF137EF}.Release|x86.ActiveCfg = Release|Win32
		{4842AA0B-B094-4DB6-8DEC-0B57CAF137EF}.Release|x86.Build.0 = Release|Win32
		{8FB2DB72-39A3-4D55-8F1B-5DE4E5C1C0CF}.Debug|x64.ActiveCfg = Debug|x64
		{8FB2DB72-39A3-4D55-8F1B-5DE4E5C1C0CF}.Debug|x64.Build.0 = Debug|x64
		{8FB2DB72-39A3-4D55-8F1B-5DE4E5C1C0CF}.Debug|x86.ActiveCfg = Debug|Win32
		{8FB2DB72-39A3-4D55-8F1B-5DE4E5C1C0CF}.Debug|x86.Build.0 = Debug|Win32
		{8FB2DB72-39A3-4D55-8F1B-5DE4E5C1C0CF}.Release|x64.ActiveCfg = Release|x64
		{8FB2DB72-39A3-4D55-8F1B-5DE4E5C1C0CF}.Release|x64.Build.0 = Release|x64
		{8FB2DB72-39A3-4D55-8F1B-5DE4E5C1C0CF}.Release|x86.ActiveCfg = Release|Win32
		{8FB2DB72-39A3-4D55-8F1B-5DE4E5C1C0CF}.Release|x86.Build.0 = Release|Win32
		{41837242-6105-4966-9B8C-D6CC7EACE5A4}.Debug|x64.ActiveCfg = Debug|x64
		{41837242-6105-4966-9B8C-D6CC7EACE5A4}.Debug|x64.Build.0 = Debug|x64
		{41837242-6105-4966-9B8C-D6CC7EACE5A4}.Debug|x86.ActiveCfg = Debug|Win32
		{41837242-6105-4966-9B8C-D6CC7EACE5A4}.Debug|x86.Build.0 = Debug|Win32
		{41837242-6105-4966-9B8C-D6CC7EACE5A4}.Release|x64.ActiveCfg = Release|x64
		{41837242-6105-4966-9B8C-D6CC7EACE5A4}.Release|x64.Build.0 = Release|x64
		{41837242-6105-4966-9B8C-D6CC7EACE5A4}.Release|x86.ActiveCfg = Release|Win32
		{41837242-6105-4966-9B8C-D6CC7EACE5A4}.Release|x86.Build.0 = Release|Win32
	EndGlobalSection
	GlobalSection(SolutionProperties) = preSolution
		HideSolutionNode = FALSE
	EndGlobalSection
	GlobalSection(ExtensibilityGlobals) = postSolution
		SolutionGuid = {19E30C1B-01BA-47A6-9D81-65497AE4A5F3}
	EndGlobalSection
EndGlobal
