
Microsoft Visual Studio Solution File, Format Version 12.00
# Visual Studio 15
VisualStudioVersion = 15.0.33919.361
MinimumVisualStudioVersion = 10.0.40219.1
Project("{8BC9CEB8-8B4A-11D0-8D11-00A0C91BC942}") = "Project1", "Project1\Project1.vcxproj", "{519BFF63-D97A-4D4C-B879-1A85DDB3EAE9}"
EndProject
Global
	GlobalSection(SolutionConfigurationPlatforms) = preSolution
		Debug|x64 = Debug|x64
		Debug|x86 = Debug|x86
		Release|x64 = Release|x64
		Release|x86 = Release|x86
	EndGlobalSection
	GlobalSection(ProjectConfigurationPlatforms) = postSolution
		{519BFF63-D97A-4D4C-B879-1A85DDB3EAE9}.Debug|x64.ActiveCfg = Debug|x64
		{519BFF63-D97A-4D4C-B879-1A85DDB3EAE9}.Debug|x64.Build.0 = Debug|x64
		{519BFF63-D97A-4D4C-B879-1A85DDB3EAE9}.Debug|x86.ActiveCfg = Debug|Win32
		{519BFF63-D97A-4D4C-B879-1A85DDB3EAE9}.Debug|x86.Build.0 = Debug|Win32
		{519BFF63-D97A-4D4C-B879-1A85DDB3EAE9}.Release|x64.ActiveCfg = Release|x64
		{519BFF63-D97A-4D4C-B879-1A85DDB3EAE9}.Release|x64.Build.0 = Release|x64
		{519BFF63-D97A-4D4C-B879-1A85DDB3EAE9}.Release|x86.ActiveCfg = Release|Win32
		{519BFF63-D97A-4D4C-B879-1A85DDB3EAE9}.Release|x86.Build.0 = Release|Win32
	EndGlobalSection
	GlobalSection(SolutionProperties) = preSolution
		HideSolutionNode = FALSE
	EndGlobalSection
	GlobalSection(ExtensibilityGlobals) = postSolution
		SolutionGuid = {AD8ACC42-8468-40DB-B89A-F2D61ABC8F2F}
	EndGlobalSection
EndGlobal
